
Microsoft Visual Studio Solution File, Format Version 12.00
# Visual Studio Version 17
VisualStudioVersion = 17.9.34701.34
MinimumVisualStudioVersion = 10.0.40219.1
Project("{FAE04EC0-301F-11D3-BF4B-00C04F79EFBC}") = "Register  Form", "Register  Form\Register  Form.csproj", "{04EF2BA1-AD35-4594-AC33-59701656F05F}"
EndProject
Global
	GlobalSection(SolutionConfigurationPlatforms) = preSolution
		Debug|Any CPU = Debug|Any CPU
		Release|Any CPU = Release|Any CPU
	EndGlobalSection
	GlobalSection(ProjectConfigurationPlatforms) = postSolution
		{04EF2BA1-AD35-4594-AC33-59701656F05F}.Debug|Any CPU.ActiveCfg = Debug|Any CPU
		{04EF2BA1-AD35-4594-AC33-59701656F05F}.Debug|Any CPU.Build.0 = Debug|Any CPU
		{04EF2BA1-AD35-4594-AC33-59701656F05F}.Release|Any CPU.ActiveCfg = Release|Any CPU
		{04EF2BA1-AD35-4594-AC33-59701656F05F}.Release|Any CPU.Build.0 = Release|Any CPU
	EndGlobalSection
	GlobalSection(SolutionProperties) = preSolution
		HideSolutionNode = FALSE
	EndGlobalSection
	GlobalSection(ExtensibilityGlobals) = postSolution
		SolutionGuid = {C2E60045-4105-428F-91F9-157B3549FB84}
	EndGlobalSection
EndGlobal
